# @generated by Move, please check-in and do not edit manually.

[move]
version = 2
manifest_digest = "35CC0F13EF485246FB0B61796FE8D9A51A24B7BFAB447410EBD615F46B70D321"
deps_digest = "F8BBB0CCB2491CA29A3DF03D6F92277A4F3574266507ACD77214D37ECA3F3082"
dependencies = [
  { name = "Sui" },
]

[[move.package]]
name = "MoveStdlib"
source = { git = "https://github.com/MystenLabs/sui.git", rev = "framework/testnet", subdir = "crates\\sui-framework\\packages\\move-stdlib" }

[[move.package]]
name = "Sui"
source = { git = "https://github.com/MystenLabs/sui.git", rev = "framework/testnet", subdir = "crates/sui-framework/packages/sui-framework" }

dependencies = [
  { name = "MoveStdlib" },
]

[move.toolchain-version]
compiler-version = "1.33.0"
edition = "2024.beta"
flavor = "sui"

[env]

[env.devnet]
chain-id = "50c64846"
original-published-id = "0x55030a3297e70b52dd6bc3f6e8d79bec6b241bcd10f00dcf86a107e0ede3fd4b"
latest-published-id = "0x55030a3297e70b52dd6bc3f6e8d79bec6b241bcd10f00dcf86a107e0ede3fd4b"
published-version = "1"
