# @generated by Move, please check-in and do not edit manually.

[move]
version = 2
manifest_digest = "2EB5EF3CB4B7B319230E6430CBBDC32518CD23941D28E469340AA3B628EAF63E"
deps_digest = "F8BBB0CCB2491CA29A3DF03D6F92277A4F3574266507ACD77214D37ECA3F3082"
dependencies = [
  { name = "Sui" },
]

[[move.package]]
name = "MoveStdlib"
source = { local = "../../sui-main/crates/sui-framework/packages/move-stdlib" }

[[move.package]]
name = "Sui"
source = { local = "../../sui-main/crates/sui-framework/packages/sui-framework" }

dependencies = [
  { name = "MoveStdlib" },
]

[move.toolchain-version]
compiler-version = "1.32.1"
edition = "2024.beta"
flavor = "sui"

[env]

[env.devnet]
chain-id = "19de6b91"
original-published-id = "0x0011a7ee8c50b23d53dbfa0e09718f62417a60b6be88e12b4f0286c5694ade1e"
latest-published-id = "0x0011a7ee8c50b23d53dbfa0e09718f62417a60b6be88e12b4f0286c5694ade1e"
published-version = "1"
original-published-id = "0x0011a7ee8c50b23d53dbfa0e09718f62417a60b6be88e12b4f0286c5694ade1e"
