# @generated by Move, please check-in and do not edit manually.

[move]
version = 2
manifest_digest = "F9F11CEF034244EE28EF45D351DDB0BFCD63B1A8EA10EDAB6DD47541A4FB4535"
deps_digest = "F8BBB0CCB2491CA29A3DF03D6F92277A4F3574266507ACD77214D37ECA3F3082"
dependencies = [
  { name = "Sui" },
]

[[move.package]]
name = "MoveStdlib"
source = { git = "https://github.com/MystenLabs/sui.git", rev = "framework/testnet", subdir = "crates\\sui-framework\\packages\\move-stdlib" }

[[move.package]]
name = "Sui"
source = { git = "https://github.com/MystenLabs/sui.git", rev = "framework/testnet", subdir = "crates/sui-framework/packages/sui-framework" }

dependencies = [
  { name = "MoveStdlib" },
]

[move.toolchain-version]
compiler-version = "1.33.0"
edition = "2024.beta"
flavor = "sui"

[env]

[env.devnet]
chain-id = "19de6b91"
original-published-id = "0x138529e80e1f11e7e7d492e2c19c12087d7a562975d7935adddb85f5cb4c0f25"
latest-published-id = "0x138529e80e1f11e7e7d492e2c19c12087d7a562975d7935adddb85f5cb4c0f25"
published-version = "1"
